
Microsoft Visual Studio Solution File, Format Version 12.00
# Visual Studio 14
VisualStudioVersion = 14.0.25420.1
MinimumVisualStudioVersion = 10.0.40219.1
Project("{FAE04EC0-301F-11D3-BF4B-00C04F79EFBC}") = "DentalDiary", "DentalDiary\DentalDiary.csproj", "{B2FB0CD5-538E-481F-AFF0-274B555E8932}"
EndProject
Project("{FAE04EC0-301F-11D3-BF4B-00C04F79EFBC}") = "DentalDiary.Data", "DentalDiary.Data\DentalDiary.Data.csproj", "{15C3AEE0-6E62-46E6-B446-865DB876CE19}"
EndProject
Global
	GlobalSection(SolutionConfigurationPlatforms) = preSolution
		Debug|Any CPU = Debug|Any CPU
		Release|Any CPU = Release|Any CPU
	EndGlobalSection
	GlobalSection(ProjectConfigurationPlatforms) = postSolution
		{B2FB0CD5-538E-481F-AFF0-274B555E8932}.Debug|Any CPU.ActiveCfg = Debug|Any CPU
		{B2FB0CD5-538E-481F-AFF0-274B555E8932}.Debug|Any CPU.Build.0 = Debug|Any CPU
		{B2FB0CD5-538E-481F-AFF0-274B555E8932}.Release|Any CPU.ActiveCfg = Release|Any CPU
		{B2FB0CD5-538E-481F-AFF0-274B555E8932}.Release|Any CPU.Build.0 = Release|Any CPU
		{15C3AEE0-6E62-46E6-B446-865DB876CE19}.Debug|Any CPU.ActiveCfg = Debug|Any CPU
		{15C3AEE0-6E62-46E6-B446-865DB876CE19}.Debug|Any CPU.Build.0 = Debug|Any CPU
		{15C3AEE0-6E62-46E6-B446-865DB876CE19}.Release|Any CPU.ActiveCfg = Release|Any CPU
		{15C3AEE0-6E62-46E6-B446-865DB876CE19}.Release|Any CPU.Build.0 = Release|Any CPU
	EndGlobalSection
	GlobalSection(SolutionProperties) = preSolution
		HideSolutionNode = FALSE
	EndGlobalSection
EndGlobal
